// !$*UTF8*$!
{
	archiveVersion = 1;
	classes = {
	};
	objectVersion = 50;
	objects = {

/* Begin PBXBuildFile section */
		30D8183C9D016BDA84A48297 /* Pods_RandomImage.framework in Frameworks */ = {isa = PBXBuildFile; fileRef = DAB16E36F76B6CD4C9C7CE29 /* Pods_RandomImage.framework */; };
		50AB44E72078229A0038A6B4 /* AppDelegate.swift in Sources */ = {isa = PBXBuildFile; fileRef = 50AB44E62078229A0038A6B4 /* AppDelegate.swift */; };
		50AB44E92078229A0038A6B4 /* ViewController.swift in Sources */ = {isa = PBXBuildFile; fileRef = 50AB44E82078229A0038A6B4 /* ViewController.swift */; };
		50AB44EC2078229A0038A6B4 /* Main.storyboard in Resources */ = {isa = PBXBuildFile; fileRef = 50AB44EA2078229A0038A6B4 /* Main.storyboard */; };
		50AB44EF2078229A0038A6B4 /* RandomImage.xcdatamodeld in Sources */ = {isa = PBXBuildFile; fileRef = 50AB44ED2078229A0038A6B4 /* RandomImage.xcdatamodeld */; };
		50AB44F1207822A10038A6B4 /* Assets.xcassets in Resources */ = {isa = PBXBuildFile; fileRef = 50AB44F0207822A10038A6B4 /* Assets.xcassets */; };
		50AB44F4207822A10038A6B4 /* LaunchScreen.storyboard in Resources */ = {isa = PBXBuildFile; fileRef = 50AB44F2207822A10038A6B4 /* LaunchScreen.storyboard */; };
		50AB44FF207822A20038A6B4 /* RandomImageTests.swift in Sources */ = {isa = PBXBuildFile; fileRef = 50AB44FE207822A20038A6B4 /* RandomImageTests.swift */; };
		50AB450A207822A20038A6B4 /* RandomImageUITests.swift in Sources */ = {isa = PBXBuildFile; fileRef = 50AB4509207822A20038A6B4 /* RandomImageUITests.swift */; };
		50AB4518207857E90038A6B4 /* PictureViewController.swift in Sources */ = {isa = PBXBuildFile; fileRef = 50AB4517207857E90038A6B4 /* PictureViewController.swift */; };
		50AB451A20785A090038A6B4 /* FlickrImageCollectionViewCell.swift in Sources */ = {isa = PBXBuildFile; fileRef = 50AB451920785A090038A6B4 /* FlickrImageCollectionViewCell.swift */; };
		50AB455A2079704A0038A6B4 /* ImageViewController.swift in Sources */ = {isa = PBXBuildFile; fileRef = 50AB45592079704A0038A6B4 /* ImageViewController.swift */; };
		50AB455C207AAD0C0038A6B4 /* UploadImageViewController.swift in Sources */ = {isa = PBXBuildFile; fileRef = 50AB455B207AAD0C0038A6B4 /* UploadImageViewController.swift */; };
/* End PBXBuildFile section */

/* Begin PBXContainerItemProxy section */
		50AB44FB207822A20038A6B4 /* PBXContainerItemProxy */ = {
			isa = PBXContainerItemProxy;
			containerPortal = 50AB44DB2078229A0038A6B4 /* Project object */;
			proxyType = 1;
			remoteGlobalIDString = 50AB44E22078229A0038A6B4;
			remoteInfo = RandomImage;
		};
		50AB4506207822A20038A6B4 /* PBXContainerItemProxy */ = {
			isa = PBXContainerItemProxy;
			containerPortal = 50AB44DB2078229A0038A6B4 /* Project object */;
			proxyType = 1;
			remoteGlobalIDString = 50AB44E22078229A0038A6B4;
			remoteInfo = RandomImage;
		};
/* End PBXContainerItemProxy section */

/* Begin PBXFileReference section */
		292EEF65F5506388C1270F54 /* Pods-RandomImage.release.xcconfig */ = {isa = PBXFileReference; includeInIndex = 1; lastKnownFileType = text.xcconfig; name = "Pods-RandomImage.release.xcconfig"; path = "Pods/Target Support Files/Pods-RandomImage/Pods-RandomImage.release.xcconfig"; sourceTree = "<group>"; };
		2A247CFD0D6FD5405E697CD5 /* Pods-RandomImage.debug.xcconfig */ = {isa = PBXFileReference; includeInIndex = 1; lastKnownFileType = text.xcconfig; name = "Pods-RandomImage.debug.xcconfig"; path = "Pods/Target Support Files/Pods-RandomImage/Pods-RandomImage.debug.xcconfig"; sourceTree = "<group>"; };
		50AB44E32078229A0038A6B4 /* RandomImage.app */ = {isa = PBXFileReference; explicitFileType = wrapper.application; includeInIndex = 0; path = RandomImage.app; sourceTree = BUILT_PRODUCTS_DIR; };
		50AB44E62078229A0038A6B4 /* AppDelegate.swift */ = {isa = PBXFileReference; lastKnownFileType = sourcecode.swift; path = AppDelegate.swift; sourceTree = "<group>"; };
		50AB44E82078229A0038A6B4 /* ViewController.swift */ = {isa = PBXFileReference; lastKnownFileType = sourcecode.swift; path = ViewController.swift; sourceTree = "<group>"; };
		50AB44EB2078229A0038A6B4 /* Base */ = {isa = PBXFileReference; lastKnownFileType = file.storyboard; name = Base; path = Base.lproj/Main.storyboard; sourceTree = "<group>"; };
		50AB44EE2078229A0038A6B4 /* RandomImage.xcdatamodel */ = {isa = PBXFileReference; lastKnownFileType = wrapper.xcdatamodel; path = RandomImage.xcdatamodel; sourceTree = "<group>"; };
		50AB44F0207822A10038A6B4 /* Assets.xcassets */ = {isa = PBXFileReference; lastKnownFileType = folder.assetcatalog; path = Assets.xcassets; sourceTree = "<group>"; };
		50AB44F3207822A10038A6B4 /* Base */ = {isa = PBXFileReference; lastKnownFileType = file.storyboard; name = Base; path = Base.lproj/LaunchScreen.storyboard; sourceTree = "<group>"; };
		50AB44F5207822A10038A6B4 /* Info.plist */ = {isa = PBXFileReference; lastKnownFileType = text.plist.xml; path = Info.plist; sourceTree = "<group>"; };
		50AB44FA207822A20038A6B4 /* RandomImageTests.xctest */ = {isa = PBXFileReference; explicitFileType = wrapper.cfbundle; includeInIndex = 0; path = RandomImageTests.xctest; sourceTree = BUILT_PRODUCTS_DIR; };
		50AB44FE207822A20038A6B4 /* RandomImageTests.swift */ = {isa = PBXFileReference; lastKnownFileType = sourcecode.swift; path = RandomImageTests.swift; sourceTree = "<group>"; };
		50AB4500207822A20038A6B4 /* Info.plist */ = {isa = PBXFileReference; lastKnownFileType = text.plist.xml; path = Info.plist; sourceTree = "<group>"; };
		50AB4505207822A20038A6B4 /* RandomImageUITests.xctest */ = {isa = PBXFileReference; explicitFileType = wrapper.cfbundle; includeInIndex = 0; path = RandomImageUITests.xctest; sourceTree = BUILT_PRODUCTS_DIR; };
		50AB4509207822A20038A6B4 /* RandomImageUITests.swift */ = {isa = PBXFileReference; lastKnownFileType = sourcecode.swift; path = RandomImageUITests.swift; sourceTree = "<group>"; };
		50AB450B207822A20038A6B4 /* Info.plist */ = {isa = PBXFileReference; lastKnownFileType = text.plist.xml; path = Info.plist; sourceTree = "<group>"; };
		50AB4517207857E90038A6B4 /* PictureViewController.swift */ = {isa = PBXFileReference; lastKnownFileType = sourcecode.swift; path = PictureViewController.swift; sourceTree = "<group>"; };
		50AB451920785A090038A6B4 /* FlickrImageCollectionViewCell.swift */ = {isa = PBXFileReference; lastKnownFileType = sourcecode.swift; path = FlickrImageCollectionViewCell.swift; sourceTree = "<group>"; };
		50AB45592079704A0038A6B4 /* ImageViewController.swift */ = {isa = PBXFileReference; lastKnownFileType = sourcecode.swift; path = ImageViewController.swift; sourceTree = "<group>"; };
		50AB455B207AAD0C0038A6B4 /* UploadImageViewController.swift */ = {isa = PBXFileReference; lastKnownFileType = sourcecode.swift; path = UploadImageViewController.swift; sourceTree = "<group>"; };
		DAB16E36F76B6CD4C9C7CE29 /* Pods_RandomImage.framework */ = {isa = PBXFileReference; explicitFileType = wrapper.framework; includeInIndex = 0; path = Pods_RandomImage.framework; sourceTree = BUILT_PRODUCTS_DIR; };
/* End PBXFileReference section */

/* Begin PBXFrameworksBuildPhase section */
		50AB44E02078229A0038A6B4 /* Frameworks */ = {
			isa = PBXFrameworksBuildPhase;
			buildActionMask = 2147483647;
			files = (
				30D8183C9D016BDA84A48297 /* Pods_RandomImage.framework in Frameworks */,
			);
			runOnlyForDeploymentPostprocessing = 0;
		};
		50AB44F7207822A20038A6B4 /* Frameworks */ = {
			isa = PBXFrameworksBuildPhase;
			buildActionMask = 2147483647;
			files = (
			);
			runOnlyForDeploymentPostprocessing = 0;
		};
		50AB4502207822A20038A6B4 /* Frameworks */ = {
			isa = PBXFrameworksBuildPhase;
			buildActionMask = 2147483647;
			files = (
			);
			runOnlyForDeploymentPostprocessing = 0;
		};
/* End PBXFrameworksBuildPhase section */

/* Begin PBXGroup section */
		50AB44DA2078229A0038A6B4 = {
			isa = PBXGroup;
			children = (
				50AB44E52078229A0038A6B4 /* RandomImage */,
				50AB44FD207822A20038A6B4 /* RandomImageTests */,
				50AB4508207822A20038A6B4 /* RandomImageUITests */,
				50AB44E42078229A0038A6B4 /* Products */,
				6CFB9102B04A7D5151DA923C /* Pods */,
				7A6B37FE647E95E54A6A4588 /* Frameworks */,
			);
			sourceTree = "<group>";
		};
		50AB44E42078229A0038A6B4 /* Products */ = {
			isa = PBXGroup;
			children = (
				50AB44E32078229A0038A6B4 /* RandomImage.app */,
				50AB44FA207822A20038A6B4 /* RandomImageTests.xctest */,
				50AB4505207822A20038A6B4 /* RandomImageUITests.xctest */,
			);
			name = Products;
			sourceTree = "<group>";
		};
		50AB44E52078229A0038A6B4 /* RandomImage */ = {
			isa = PBXGroup;
			children = (
				50AB44E62078229A0038A6B4 /* AppDelegate.swift */,
				50AB44E82078229A0038A6B4 /* ViewController.swift */,
				50AB44EA2078229A0038A6B4 /* Main.storyboard */,
				50AB44F0207822A10038A6B4 /* Assets.xcassets */,
				50AB44F2207822A10038A6B4 /* LaunchScreen.storyboard */,
				50AB44F5207822A10038A6B4 /* Info.plist */,
				50AB44ED2078229A0038A6B4 /* RandomImage.xcdatamodeld */,
				50AB4517207857E90038A6B4 /* PictureViewController.swift */,
				50AB451920785A090038A6B4 /* FlickrImageCollectionViewCell.swift */,
				50AB45592079704A0038A6B4 /* ImageViewController.swift */,
				50AB455B207AAD0C0038A6B4 /* UploadImageViewController.swift */,
			);
			path = RandomImage;
			sourceTree = "<group>";
		};
		50AB44FD207822A20038A6B4 /* RandomImageTests */ = {
			isa = PBXGroup;
			children = (
				50AB44FE207822A20038A6B4 /* RandomImageTests.swift */,
				50AB4500207822A20038A6B4 /* Info.plist */,
			);
			path = RandomImageTests;
			sourceTree = "<group>";
		};
		50AB4508207822A20038A6B4 /* RandomImageUITests */ = {
			isa = PBXGroup;
			children = (
				50AB4509207822A20038A6B4 /* RandomImageUITests.swift */,
				50AB450B207822A20038A6B4 /* Info.plist */,
			);
			path = RandomImageUITests;
			sourceTree = "<group>";
		};
		6CFB9102B04A7D5151DA923C /* Pods */ = {
			isa = PBXGroup;
			children = (
				2A247CFD0D6FD5405E697CD5 /* Pods-RandomImage.debug.xcconfig */,
				292EEF65F5506388C1270F54 /* Pods-RandomImage.release.xcconfig */,
			);
			name = Pods;
			sourceTree = "<group>";
		};
		7A6B37FE647E95E54A6A4588 /* Frameworks */ = {
			isa = PBXGroup;
			children = (
				DAB16E36F76B6CD4C9C7CE29 /* Pods_RandomImage.framework */,
			);
			name = Frameworks;
			sourceTree = "<group>";
		};
/* End PBXGroup section */

/* Begin PBXNativeTarget section */
		50AB44E22078229A0038A6B4 /* RandomImage */ = {
			isa = PBXNativeTarget;
			buildConfigurationList = 50AB450E207822A20038A6B4 /* Build configuration list for PBXNativeTarget "RandomImage" */;
			buildPhases = (
				F83625208C0C103E83DEA361 /* [CP] Check Pods Manifest.lock */,
				50AB44DF2078229A0038A6B4 /* Sources */,
				50AB44E02078229A0038A6B4 /* Frameworks */,
				50AB44E12078229A0038A6B4 /* Resources */,
				6035AAFCF07613F047BA4686 /* [CP] Embed Pods Frameworks */,
			);
			buildRules = (
			);
			dependencies = (
			);
			name = RandomImage;
			productName = RandomImage;
			productReference = 50AB44E32078229A0038A6B4 /* RandomImage.app */;
			productType = "com.apple.product-type.application";
		};
		50AB44F9207822A20038A6B4 /* RandomImageTests */ = {
			isa = PBXNativeTarget;
			buildConfigurationList = 50AB4511207822A20038A6B4 /* Build configuration list for PBXNativeTarget "RandomImageTests" */;
			buildPhases = (
				50AB44F6207822A20038A6B4 /* Sources */,
				50AB44F7207822A20038A6B4 /* Frameworks */,
				50AB44F8207822A20038A6B4 /* Resources */,
			);
			buildRules = (
			);
			dependencies = (
				50AB44FC207822A20038A6B4 /* PBXTargetDependency */,
			);
			name = RandomImageTests;
			productName = RandomImageTests;
			productReference = 50AB44FA207822A20038A6B4 /* RandomImageTests.xctest */;
			productType = "com.apple.product-type.bundle.unit-test";
		};
		50AB4504207822A20038A6B4 /* RandomImageUITests */ = {
			isa = PBXNativeTarget;
			buildConfigurationList = 50AB4514207822A20038A6B4 /* Build configuration list for PBXNativeTarget "RandomImageUITests" */;
			buildPhases = (
				50AB4501207822A20038A6B4 /* Sources */,
				50AB4502207822A20038A6B4 /* Frameworks */,
				50AB4503207822A20038A6B4 /* Resources */,
			);
			buildRules = (
			);
			dependencies = (
				50AB4507207822A20038A6B4 /* PBXTargetDependency */,
			);
			name = RandomImageUITests;
			productName = RandomImageUITests;
			productReference = 50AB4505207822A20038A6B4 /* RandomImageUITests.xctest */;
			productType = "com.apple.product-type.bundle.ui-testing";
		};
/* End PBXNativeTarget section */

/* Begin PBXProject section */
		50AB44DB2078229A0038A6B4 /* Project object */ = {
			isa = PBXProject;
			attributes = {
				LastSwiftUpdateCheck = 0930;
				LastUpgradeCheck = 0930;
				ORGANIZATIONNAME = "Cameron Braverman";
				TargetAttributes = {
					50AB44E22078229A0038A6B4 = {
						CreatedOnToolsVersion = 9.3;
					};
					50AB44F9207822A20038A6B4 = {
						CreatedOnToolsVersion = 9.3;
						TestTargetID = 50AB44E22078229A0038A6B4;
					};
					50AB4504207822A20038A6B4 = {
						CreatedOnToolsVersion = 9.3;
						TestTargetID = 50AB44E22078229A0038A6B4;
					};
				};
			};
			buildConfigurationList = 50AB44DE2078229A0038A6B4 /* Build configuration list for PBXProject "RandomImage" */;
			compatibilityVersion = "Xcode 9.3";
			developmentRegion = en;
			hasScannedForEncodings = 0;
			knownRegions = (
				en,
				Base,
			);
			mainGroup = 50AB44DA2078229A0038A6B4;
			productRefGroup = 50AB44E42078229A0038A6B4 /* Products */;
			projectDirPath = "";
			projectRoot = "";
			targets = (
				50AB44E22078229A0038A6B4 /* RandomImage */,
				50AB44F9207822A20038A6B4 /* RandomImageTests */,
				50AB4504207822A20038A6B4 /* RandomImageUITests */,
			);
		};
/* End PBXProject section */

/* Begin PBXResourcesBuildPhase section */
		50AB44E12078229A0038A6B4 /* Resources */ = {
			isa = PBXResourcesBuildPhase;
			buildActionMask = 2147483647;
			files = (
				50AB44F4207822A10038A6B4 /* LaunchScreen.storyboard in Resources */,
				50AB44F1207822A10038A6B4 /* Assets.xcassets in Resources */,
				50AB44EC2078229A0038A6B4 /* Main.storyboard in Resources */,
			);
			runOnlyForDeploymentPostprocessing = 0;
		};
		50AB44F8207822A20038A6B4 /* Resources */ = {
			isa = PBXResourcesBuildPhase;
			buildActionMask = 2147483647;
			files = (
			);
			runOnlyForDeploymentPostprocessing = 0;
		};
		50AB4503207822A20038A6B4 /* Resources */ = {
			isa = PBXResourcesBuildPhase;
			buildActionMask = 2147483647;
			files = (
			);
			runOnlyForDeploymentPostprocessing = 0;
		};
/* End PBXResourcesBuildPhase section */

/* Begin PBXShellScriptBuildPhase section */
		6035AAFCF07613F047BA4686 /* [CP] Embed Pods Frameworks */ = {
			isa = PBXShellScriptBuildPhase;
			buildActionMask = 2147483647;
			files = (
			);
			inputPaths = (
				"${SRCROOT}/Pods/Target Support Files/Pods-RandomImage/Pods-RandomImage-frameworks.sh",
				"${BUILT_PRODUCTS_DIR}/Alamofire/Alamofire.framework",
				"${BUILT_PRODUCTS_DIR}/SwiftyJSON/SwiftyJSON.framework",
			);
			name = "[CP] Embed Pods Frameworks";
			outputPaths = (
				"${TARGET_BUILD_DIR}/${FRAMEWORKS_FOLDER_PATH}/Alamofire.framework",
				"${TARGET_BUILD_DIR}/${FRAMEWORKS_FOLDER_PATH}/SwiftyJSON.framework",
			);
			runOnlyForDeploymentPostprocessing = 0;
			shellPath = /bin/sh;
			shellScript = "\"${SRCROOT}/Pods/Target Support Files/Pods-RandomImage/Pods-RandomImage-frameworks.sh\"\n";
			showEnvVarsInLog = 0;
		};
		F83625208C0C103E83DEA361 /* [CP] Check Pods Manifest.lock */ = {
			isa = PBXShellScriptBuildPhase;
			buildActionMask = 2147483647;
			files = (
			);
			inputPaths = (
				"${PODS_PODFILE_DIR_PATH}/Podfile.lock",
				"${PODS_ROOT}/Manifest.lock",
			);
			name = "[CP] Check Pods Manifest.lock";
			outputPaths = (
				"$(DERIVED_FILE_DIR)/Pods-RandomImage-checkManifestLockResult.txt",
			);
			runOnlyForDeploymentPostprocessing = 0;
			shellPath = /bin/sh;
			shellScript = "diff \"${PODS_PODFILE_DIR_PATH}/Podfile.lock\" \"${PODS_ROOT}/Manifest.lock\" > /dev/null\nif [ $? != 0 ] ; then\n    # print error to STDERR\n    echo \"error: The sandbox is not in sync with the Podfile.lock. Run 'pod install' or update your CocoaPods installation.\" >&2\n    exit 1\nfi\n# This output is used by Xcode 'outputs' to avoid re-running this script phase.\necho \"SUCCESS\" > \"${SCRIPT_OUTPUT_FILE_0}\"\n";
			showEnvVarsInLog = 0;
		};
/* End PBXShellScriptBuildPhase section */

/* Begin PBXSourcesBuildPhase section */
		50AB44DF2078229A0038A6B4 /* Sources */ = {
			isa = PBXSourcesBuildPhase;
			buildActionMask = 2147483647;
			files = (
				50AB455C207AAD0C0038A6B4 /* UploadImageViewController.swift in Sources */,
				50AB451A20785A090038A6B4 /* FlickrImageCollectionViewCell.swift in Sources */,
				50AB44EF2078229A0038A6B4 /* RandomImage.xcdatamodeld in Sources */,
				50AB4518207857E90038A6B4 /* PictureViewController.swift in Sources */,
				50AB44E92078229A0038A6B4 /* ViewController.swift in Sources */,
				50AB455A2079704A0038A6B4 /* ImageViewController.swift in Sources */,
				50AB44E72078229A0038A6B4 /* AppDelegate.swift in Sources */,
			);
			runOnlyForDeploymentPostprocessing = 0;
		};
		50AB44F6207822A20038A6B4 /* Sources */ = {
			isa = PBXSourcesBuildPhase;
			buildActionMask = 2147483647;
			files = (
				50AB44FF207822A20038A6B4 /* RandomImageTests.swift in Sources */,
			);
			runOnlyForDeploymentPostprocessing = 0;
		};
		50AB4501207822A20038A6B4 /* Sources */ = {
			isa = PBXSourcesBuildPhase;
			buildActionMask = 2147483647;
			files = (
				50AB450A207822A20038A6B4 /* RandomImageUITests.swift in Sources */,
			);
			runOnlyForDeploymentPostprocessing = 0;
		};
/* End PBXSourcesBuildPhase section */

/* Begin PBXTargetDependency section */
		50AB44FC207822A20038A6B4 /* PBXTargetDependency */ = {
			isa = PBXTargetDependency;
			target = 50AB44E22078229A0038A6B4 /* RandomImage */;
			targetProxy = 50AB44FB207822A20038A6B4 /* PBXContainerItemProxy */;
		};
		50AB4507207822A20038A6B4 /* PBXTargetDependency */ = {
			isa = PBXTargetDependency;
			target = 50AB44E22078229A0038A6B4 /* RandomImage */;
			targetProxy = 50AB4506207822A20038A6B4 /* PBXContainerItemProxy */;
		};
/* End PBXTargetDependency section */

/* Begin PBXVariantGroup section */
		50AB44EA2078229A0038A6B4 /* Main.storyboard */ = {
			isa = PBXVariantGroup;
			children = (
				50AB44EB2078229A0038A6B4 /* Base */,
			);
			name = Main.storyboard;
			sourceTree = "<group>";
		};
		50AB44F2207822A10038A6B4 /* LaunchScreen.storyboard */ = {
			isa = PBXVariantGroup;
			children = (
				50AB44F3207822A10038A6B4 /* Base */,
			);
			name = LaunchScreen.storyboard;
			sourceTree = "<group>";
		};
/* End PBXVariantGroup section */

/* Begin XCBuildConfiguration section */
		50AB450C207822A20038A6B4 /* Debug */ = {
			isa = XCBuildConfiguration;
			buildSettings = {
				ALWAYS_SEARCH_USER_PATHS = NO;
				CLANG_ANALYZER_NONNULL = YES;
				CLANG_ANALYZER_NUMBER_OBJECT_CONVERSION = YES_AGGRESSIVE;
				CLANG_CXX_LANGUAGE_STANDARD = "gnu++14";
				CLANG_CXX_LIBRARY = "libc++";
				CLANG_ENABLE_MODULES = YES;
				CLANG_ENABLE_OBJC_ARC = YES;
				CLANG_ENABLE_OBJC_WEAK = YES;
				CLANG_WARN_BLOCK_CAPTURE_AUTORELEASING = YES;
				CLANG_WARN_BOOL_CONVERSION = YES;
				CLANG_WARN_COMMA = YES;
				CLANG_WARN_CONSTANT_CONVERSION = YES;
				CLANG_WARN_DEPRECATED_OBJC_IMPLEMENTATIONS = YES;
				CLANG_WARN_DIRECT_OBJC_ISA_USAGE = YES_ERROR;
				CLANG_WARN_DOCUMENTATION_COMMENTS = YES;
				CLANG_WARN_EMPTY_BODY = YES;
				CLANG_WARN_ENUM_CONVERSION = YES;
				CLANG_WARN_INFINITE_RECURSION = YES;
				CLANG_WARN_INT_CONVERSION = YES;
				CLANG_WARN_NON_LITERAL_NULL_CONVERSION = YES;
				CLANG_WARN_OBJC_IMPLICIT_RETAIN_SELF = YES;
				CLANG_WARN_OBJC_LITERAL_CONVERSION = YES;
				CLANG_WARN_OBJC_ROOT_CLASS = YES_ERROR;
				CLANG_WARN_RANGE_LOOP_ANALYSIS = YES;
				CLANG_WARN_STRICT_PROTOTYPES = YES;
				CLANG_WARN_SUSPICIOUS_MOVE = YES;
				CLANG_WARN_UNGUARDED_AVAILABILITY = YES_AGGRESSIVE;
				CLANG_WARN_UNREACHABLE_CODE = YES;
				CLANG_WARN__DUPLICATE_METHOD_MATCH = YES;
				CODE_SIGN_IDENTITY = "iPhone Developer";
				COPY_PHASE_STRIP = NO;
				DEBUG_INFORMATION_FORMAT = dwarf;
				ENABLE_STRICT_OBJC_MSGSEND = YES;
				ENABLE_TESTABILITY = YES;
				GCC_C_LANGUAGE_STANDARD = gnu11;
				GCC_DYNAMIC_NO_PIC = NO;
				GCC_NO_COMMON_BLOCKS = YES;
				GCC_OPTIMIZATION_LEVEL = 0;
				GCC_PREPROCESSOR_DEFINITIONS = (
					"DEBUG=1",
					"$(inherited)",
				);
				GCC_WARN_64_TO_32_BIT_CONVERSION = YES;
				GCC_WARN_ABOUT_RETURN_TYPE = YES_ERROR;
				GCC_WARN_UNDECLARED_SELECTOR = YES;
				GCC_WARN_UNINITIALIZED_AUTOS = YES_AGGRESSIVE;
				GCC_WARN_UNUSED_FUNCTION = YES;
				GCC_WARN_UNUSED_VARIABLE = YES;
				IPHONEOS_DEPLOYMENT_TARGET = 11.3;
				MTL_ENABLE_DEBUG_INFO = YES;
				ONLY_ACTIVE_ARCH = YES;
				SDKROOT = iphoneos;
				SWIFT_ACTIVE_COMPILATION_CONDITIONS = DEBUG;
				SWIFT_OPTIMIZATION_LEVEL = "-Onone";
			};
			name = Debug;
		};
		50AB450D207822A20038A6B4 /* Release */ = {
			isa = XCBuildConfiguration;
			buildSettings = {
				ALWAYS_SEARCH_USER_PATHS = NO;
				CLANG_ANALYZER_NONNULL = YES;
				CLANG_ANALYZER_NUMBER_OBJECT_CONVERSION = YES_AGGRESSIVE;
				CLANG_CXX_LANGUAGE_STANDARD = "gnu++14";
				CLANG_CXX_LIBRARY = "libc++";
				CLANG_ENABLE_MODULES = YES;
				CLANG_ENABLE_OBJC_ARC = YES;
				CLANG_ENABLE_OBJC_WEAK = YES;
				CLANG_WARN_BLOCK_CAPTURE_AUTORELEASING = YES;
				CLANG_WARN_BOOL_CONVERSION = YES;
				CLANG_WARN_COMMA = YES;
				CLANG_WARN_CONSTANT_CONVERSION = YES;
				CLANG_WARN_DEPRECATED_OBJC_IMPLEMENTATIONS = YES;
				CLANG_WARN_DIRECT_OBJC_ISA_USAGE = YES_ERROR;
				CLANG_WARN_DOCUMENTATION_COMMENTS = YES;
				CLANG_WARN_EMPTY_BODY = YES;
				CLANG_WARN_ENUM_CONVERSION = YES;
				CLANG_WARN_INFINITE_RECURSION = YES;
				CLANG_WARN_INT_CONVERSION = YES;
				CLANG_WARN_NON_LITERAL_NULL_CONVERSION = YES;
				CLANG_WARN_OBJC_IMPLICIT_RETAIN_SELF = YES;
				CLANG_WARN_OBJC_LITERAL_CONVERSION = YES;
				CLANG_WARN_OBJC_ROOT_CLASS = YES_ERROR;
				CLANG_WARN_RANGE_LOOP_ANALYSIS = YES;
				CLANG_WARN_STRICT_PROTOTYPES = YES;
				CLANG_WARN_SUSPICIOUS_MOVE = YES;
				CLANG_WARN_UNGUARDED_AVAILABILITY = YES_AGGRESSIVE;
				CLANG_WARN_UNREACHABLE_CODE = YES;
				CLANG_WARN__DUPLICATE_METHOD_MATCH = YES;
				CODE_SIGN_IDENTITY = "iPhone Developer";
				COPY_PHASE_STRIP = NO;
				DEBUG_INFORMATION_FORMAT = "dwarf-with-dsym";
				ENABLE_NS_ASSERTIONS = NO;
				ENABLE_STRICT_OBJC_MSGSEND = YES;
				GCC_C_LANGUAGE_STANDARD = gnu11;
				GCC_NO_COMMON_BLOCKS = YES;
				GCC_WARN_64_TO_32_BIT_CONVERSION = YES;
				GCC_WARN_ABOUT_RETURN_TYPE = YES_ERROR;
				GCC_WARN_UNDECLARED_SELECTOR = YES;
				GCC_WARN_UNINITIALIZED_AUTOS = YES_AGGRESSIVE;
				GCC_WARN_UNUSED_FUNCTION = YES;
				GCC_WARN_UNUSED_VARIABLE = YES;
				IPHONEOS_DEPLOYMENT_TARGET = 11.3;
				MTL_ENABLE_DEBUG_INFO = NO;
				SDKROOT = iphoneos;
				SWIFT_COMPILATION_MODE = wholemodule;
				SWIFT_OPTIMIZATION_LEVEL = "-O";
				VALIDATE_PRODUCT = YES;
			};
			name = Release;
		};
		50AB450F207822A20038A6B4 /* Debug */ = {
			isa = XCBuildConfiguration;
			baseConfigurationReference = 2A247CFD0D6FD5405E697CD5 /* Pods-RandomImage.debug.xcconfig */;
			buildSettings = {
				ASSETCATALOG_COMPILER_APPICON_NAME = AppIcon;
				CODE_SIGN_STYLE = Automatic;
				DEVELOPMENT_TEAM = AZF6HDWXZJ;
				INFOPLIST_FILE = RandomImage/Info.plist;
				LD_RUNPATH_SEARCH_PATHS = (
					"$(inherited)",
					"@executable_path/Frameworks",
				);
				PRODUCT_BUNDLE_IDENTIFIER = com.RandomImage.cam;
				PRODUCT_NAME = "$(TARGET_NAME)";
				SWIFT_VERSION = 4.0;
				TARGETED_DEVICE_FAMILY = "1,2";
			};
			name = Debug;
		};
		50AB4510207822A20038A6B4 /* Release */ = {
			isa = XCBuildConfiguration;
			baseConfigurationReference = 292EEF65F5506388C1270F54 /* Pods-RandomImage.release.xcconfig */;
			buildSettings = {
				ASSETCATALOG_COMPILER_APPICON_NAME = AppIcon;
				CODE_SIGN_STYLE = Automatic;
				DEVELOPMENT_TEAM = AZF6HDWXZJ;
				INFOPLIST_FILE = RandomImage/Info.plist;
				LD_RUNPATH_SEARCH_PATHS = (
					"$(inherited)",
					"@executable_path/Frameworks",
				);
				PRODUCT_BUNDLE_IDENTIFIER = com.RandomImage.cam;
				PRODUCT_NAME = "$(TARGET_NAME)";
				SWIFT_VERSION = 4.0;
				TARGETED_DEVICE_FAMILY = "1,2";
			};
			name = Release;
		};
		50AB4512207822A20038A6B4 /* Debug */ = {
			isa = XCBuildConfiguration;
			buildSettings = {
				ALWAYS_EMBED_SWIFT_STANDARD_LIBRARIES = YES;
				BUNDLE_LOADER = "$(TEST_HOST)";
				CODE_SIGN_STYLE = Automatic;
				INFOPLIST_FILE = RandomImageTests/Info.plist;
				LD_RUNPATH_SEARCH_PATHS = (
					"$(inherited)",
					"@executable_path/Frameworks",
					"@loader_path/Frameworks",
				);
				PRODUCT_BUNDLE_IDENTIFIER = com.RandomImageTests;
				PRODUCT_NAME = "$(TARGET_NAME)";
				SWIFT_VERSION = 4.0;
				TARGETED_DEVICE_FAMILY = "1,2";
				TEST_HOST = "$(BUILT_PRODUCTS_DIR)/RandomImage.app/RandomImage";
			};
			name = Debug;
		};
		50AB4513207822A20038A6B4 /* Release */ = {
			isa = XCBuildConfiguration;
			buildSettings = {
				ALWAYS_EMBED_SWIFT_STANDARD_LIBRARIES = YES;
				BUNDLE_LOADER = "$(TEST_HOST)";
				CODE_SIGN_STYLE = Automatic;
				INFOPLIST_FILE = RandomImageTests/Info.plist;
				LD_RUNPATH_SEARCH_PATHS = (
					"$(inherited)",
					"@executable_path/Frameworks",
					"@loader_path/Frameworks",
				);
				PRODUCT_BUNDLE_IDENTIFIER = com.RandomImageTests;
				PRODUCT_NAME = "$(TARGET_NAME)";
				SWIFT_VERSION = 4.0;
				TARGETED_DEVICE_FAMILY = "1,2";
				TEST_HOST = "$(BUILT_PRODUCTS_DIR)/RandomImage.app/RandomImage";
			};
			name = Release;
		};
		50AB4515207822A20038A6B4 /* Debug */ = {
			isa = XCBuildConfiguration;
			buildSettings = {
				ALWAYS_EMBED_SWIFT_STANDARD_LIBRARIES = YES;
				CODE_SIGN_STYLE = Automatic;
				INFOPLIST_FILE = RandomImageUITests/Info.plist;
				LD_RUNPATH_SEARCH_PATHS = (
					"$(inherited)",
					"@executable_path/Frameworks",
					"@loader_path/Frameworks",
				);
				PRODUCT_BUNDLE_IDENTIFIER = com.RandomImageUITests;
				PRODUCT_NAME = "$(TARGET_NAME)";
				SWIFT_VERSION = 4.0;
				TARGETED_DEVICE_FAMILY = "1,2";
				TEST_TARGET_NAME = RandomImage;
			};
			name = Debug;
		};
		50AB4516207822A20038A6B4 /* Release */ = {
			isa = XCBuildConfiguration;
			buildSettings = {
				ALWAYS_EMBED_SWIFT_STANDARD_LIBRARIES = YES;
				CODE_SIGN_STYLE = Automatic;
				INFOPLIST_FILE = RandomImageUITests/Info.plist;
				LD_RUNPATH_SEARCH_PATHS = (
					"$(inherited)",
					"@executable_path/Frameworks",
					"@loader_path/Frameworks",
				);
				PRODUCT_BUNDLE_IDENTIFIER = com.RandomImageUITests;
				PRODUCT_NAME = "$(TARGET_NAME)";
				SWIFT_VERSION = 4.0;
				TARGETED_DEVICE_FAMILY = "1,2";
				TEST_TARGET_NAME = RandomImage;
			};
			name = Release;
		};
/* End XCBuildConfiguration section */

/* Begin XCConfigurationList section */
		50AB44DE2078229A0038A6B4 /* Build configuration list for PBXProject "RandomImage" */ = {
			isa = XCConfigurationList;
			buildConfigurations = (
				50AB450C207822A20038A6B4 /* Debug */,
				50AB450D207822A20038A6B4 /* Release */,
			);
			defaultConfigurationIsVisible = 0;
			defaultConfigurationName = Release;
		};
		50AB450E207822A20038A6B4 /* Build configuration list for PBXNativeTarget "RandomImage" */ = {
			isa = XCConfigurationList;
			buildConfigurations = (
				50AB450F207822A20038A6B4 /* Debug */,
				50AB4510207822A20038A6B4 /* Release */,
			);
			defaultConfigurationIsVisible = 0;
			defaultConfigurationName = Release;
		};
		50AB4511207822A20038A6B4 /* Build configuration list for PBXNativeTarget "RandomImageTests" */ = {
			isa = XCConfigurationList;
			buildConfigurations = (
				50AB4512207822A20038A6B4 /* Debug */,
				50AB4513207822A20038A6B4 /* Release */,
			);
			defaultConfigurationIsVisible = 0;
			defaultConfigurationName = Release;
		};
		50AB4514207822A20038A6B4 /* Build configuration list for PBXNativeTarget "RandomImageUITests" */ = {
			isa = XCConfigurationList;
			buildConfigurations = (
				50AB4515207822A20038A6B4 /* Debug */,
				50AB4516207822A20038A6B4 /* Release */,
			);
			defaultConfigurationIsVisible = 0;
			defaultConfigurationName = Release;
		};
/* End XCConfigurationList section */

/* Begin XCVersionGroup section */
		50AB44ED2078229A0038A6B4 /* RandomImage.xcdatamodeld */ = {
			isa = XCVersionGroup;
			children = (
				50AB44EE2078229A0038A6B4 /* RandomImage.xcdatamodel */,
			);
			currentVersion = 50AB44EE2078229A0038A6B4 /* RandomImage.xcdatamodel */;
			path = RandomImage.xcdatamodeld;
			sourceTree = "<group>";
			versionGroupType = wrapper.xcdatamodel;
		};
/* End XCVersionGroup section */
	};
	rootObject = 50AB44DB2078229A0038A6B4 /* Project object */;
}
